// !$*UTF8*$!
{
	archiveVersion = 1;
	classes = {
	};
	objectVersion = 50;
	objects = {

/* Begin PBXBuildFile section */
		A708F59420EC9F4E00302056 /* ZKitPrivate.h in Headers */ = {isa = PBXBuildFile; fileRef = A708F59320EC790800302056 /* ZKitPrivate.h */; settings = {ATTRIBUTES = (Private, ); }; };
		A739121A208739FC00E2011A /* UIView+ZKit.h in Headers */ = {isa = PBXBuildFile; fileRef = A7391218208739FC00E2011A /* UIView+ZKit.h */; settings = {ATTRIBUTES = (Public, ); }; };
		A739121B208739FC00E2011A /* UIView+ZKit.m in Sources */ = {isa = PBXBuildFile; fileRef = A7391219208739FC00E2011A /* UIView+ZKit.m */; };
		A739121E20873A1200E2011A /* UIScrollView+ZKit.h in Headers */ = {isa = PBXBuildFile; fileRef = A739121C20873A1200E2011A /* UIScrollView+ZKit.h */; settings = {ATTRIBUTES = (Public, ); }; };
		A739121F20873A1200E2011A /* UIScrollView+ZKit.m in Sources */ = {isa = PBXBuildFile; fileRef = A739121D20873A1200E2011A /* UIScrollView+ZKit.m */; };
		A73912232087518B00E2011A /* ZKit+sysctl.m in Sources */ = {isa = PBXBuildFile; fileRef = A73912222087518B00E2011A /* ZKit+sysctl.m */; };
		A78CB9AF20EF11ED00A01EEC /* UIColor+ZKit.h in Headers */ = {isa = PBXBuildFile; fileRef = A78CB9AD20EF11ED00A01EEC /* UIColor+ZKit.h */; settings = {ATTRIBUTES = (Public, ); }; };
		A78CB9B020EF11ED00A01EEC /* UIColor+ZKit.m in Sources */ = {isa = PBXBuildFile; fileRef = A78CB9AE20EF11ED00A01EEC /* UIColor+ZKit.m */; };
		A7AD763C20EA37AC005C1DD9 /* ZKit.h in Headers */ = {isa = PBXBuildFile; fileRef = A7AD763B20EA37AC005C1DD9 /* ZKit.h */; settings = {ATTRIBUTES = (Public, ); }; };
		A7AD763E20EA3875005C1DD9 /* ZKit.m in Sources */ = {isa = PBXBuildFile; fileRef = A7AD763D20EA3875005C1DD9 /* ZKit.m */; };
		A7AD763F20EA3949005C1DD9 /* ZKit+sysctl.h in Headers */ = {isa = PBXBuildFile; fileRef = A7AD763920EA2F4C005C1DD9 /* ZKit+sysctl.h */; settings = {ATTRIBUTES = (Public, ); }; };
		A7D6B37320F8A90E00C5D9E7 /* NSString+ZKit.h in Headers */ = {isa = PBXBuildFile; fileRef = A7D6B37120F8A90E00C5D9E7 /* NSString+ZKit.h */; settings = {ATTRIBUTES = (Public, ); }; };
		A7D6B37420F8A90E00C5D9E7 /* NSString+ZKit.m in Sources */ = {isa = PBXBuildFile; fileRef = A7D6B37220F8A90E00C5D9E7 /* NSString+ZKit.m */; };
/* End PBXBuildFile section */

/* Begin PBXFileReference section */
		A708F59320EC790800302056 /* ZKitPrivate.h */ = {isa = PBXFileReference; lastKnownFileType = sourcecode.c.h; path = ZKitPrivate.h; sourceTree = "<group>"; };
		A73912092087373F00E2011A /* ZKit.framework */ = {isa = PBXFileReference; explicitFileType = wrapper.framework; includeInIndex = 0; path = ZKit.framework; sourceTree = BUILT_PRODUCTS_DIR; };
		A739120D2087373F00E2011A /* Info.plist */ = {isa = PBXFileReference; lastKnownFileType = text.plist.xml; path = Info.plist; sourceTree = "<group>"; };
		A7391218208739FC00E2011A /* UIView+ZKit.h */ = {isa = PBXFileReference; lastKnownFileType = sourcecode.c.h; path = "UIView+ZKit.h"; sourceTree = "<group>"; };
		A7391219208739FC00E2011A /* UIView+ZKit.m */ = {isa = PBXFileReference; lastKnownFileType = sourcecode.c.objc; path = "UIView+ZKit.m"; sourceTree = "<group>"; };
		A739121C20873A1200E2011A /* UIScrollView+ZKit.h */ = {isa = PBXFileReference; lastKnownFileType = sourcecode.c.h; path = "UIScrollView+ZKit.h"; sourceTree = "<group>"; };
		A739121D20873A1200E2011A /* UIScrollView+ZKit.m */ = {isa = PBXFileReference; lastKnownFileType = sourcecode.c.objc; path = "UIScrollView+ZKit.m"; sourceTree = "<group>"; };
		A73912222087518B00E2011A /* ZKit+sysctl.m */ = {isa = PBXFileReference; lastKnownFileType = sourcecode.c.objc; path = "ZKit+sysctl.m"; sourceTree = "<group>"; };
		A78CB9AD20EF11ED00A01EEC /* UIColor+ZKit.h */ = {isa = PBXFileReference; lastKnownFileType = sourcecode.c.h; path = "UIColor+ZKit.h"; sourceTree = "<group>"; };
		A78CB9AE20EF11ED00A01EEC /* UIColor+ZKit.m */ = {isa = PBXFileReference; lastKnownFileType = sourcecode.c.objc; path = "UIColor+ZKit.m"; sourceTree = "<group>"; };
		A7AD763920EA2F4C005C1DD9 /* ZKit+sysctl.h */ = {isa = PBXFileReference; lastKnownFileType = sourcecode.c.h; path = "ZKit+sysctl.h"; sourceTree = "<group>"; };
		A7AD763B20EA37AC005C1DD9 /* ZKit.h */ = {isa = PBXFileReference; fileEncoding = 4; lastKnownFileType = sourcecode.c.h; path = ZKit.h; sourceTree = "<group>"; };
		A7AD763D20EA3875005C1DD9 /* ZKit.m */ = {isa = PBXFileReference; lastKnownFileType = sourcecode.c.objc; path = ZKit.m; sourceTree = "<group>"; };
		A7D6B37120F8A90E00C5D9E7 /* NSString+ZKit.h */ = {isa = PBXFileReference; lastKnownFileType = sourcecode.c.h; path = "NSString+ZKit.h"; sourceTree = "<group>"; };
		A7D6B37220F8A90E00C5D9E7 /* NSString+ZKit.m */ = {isa = PBXFileReference; lastKnownFileType = sourcecode.c.objc; path = "NSString+ZKit.m"; sourceTree = "<group>"; };
/* End PBXFileReference section */

/* Begin PBXFrameworksBuildPhase section */
		A73912052087373F00E2011A /* Frameworks */ = {
			isa = PBXFrameworksBuildPhase;
			buildActionMask = 2147483647;
			files = (
			);
			runOnlyForDeploymentPostprocessing = 0;
		};
/* End PBXFrameworksBuildPhase section */

/* Begin PBXGroup section */
		A73911FF2087373F00E2011A = {
			isa = PBXGroup;
			children = (
				A739120B2087373F00E2011A /* ZKit */,
				A739120A2087373F00E2011A /* Products */,
			);
			sourceTree = "<group>";
		};
		A739120A2087373F00E2011A /* Products */ = {
			isa = PBXGroup;
			children = (
				A73912092087373F00E2011A /* ZKit.framework */,
			);
			name = Products;
			sourceTree = "<group>";
		};
		A739120B2087373F00E2011A /* ZKit */ = {
			isa = PBXGroup;
			children = (
				A739120D2087373F00E2011A /* Info.plist */,
				A7D6B37920F8ACA300C5D9E7 /* string */,
				A7AD763A20EA37AC005C1DD9 /* core */,
				A739122020873A3200E2011A /* sysctl */,
				A739122120873A3A00E2011A /* view */,
				A78CB9B120EF11F500A01EEC /* color */,
			);
			path = ZKit;
			sourceTree = "<group>";
		};
		A739122020873A3200E2011A /* sysctl */ = {
			isa = PBXGroup;
			children = (
				A7AD763920EA2F4C005C1DD9 /* ZKit+sysctl.h */,
				A73912222087518B00E2011A /* ZKit+sysctl.m */,
			);
			path = sysctl;
			sourceTree = "<group>";
		};
		A739122120873A3A00E2011A /* view */ = {
			isa = PBXGroup;
			children = (
				A7391218208739FC00E2011A /* UIView+ZKit.h */,
				A7391219208739FC00E2011A /* UIView+ZKit.m */,
				A739121C20873A1200E2011A /* UIScrollView+ZKit.h */,
				A739121D20873A1200E2011A /* UIScrollView+ZKit.m */,
			);
			path = view;
			sourceTree = "<group>";
		};
		A78CB9B120EF11F500A01EEC /* color */ = {
			isa = PBXGroup;
			children = (
				A78CB9AD20EF11ED00A01EEC /* UIColor+ZKit.h */,
				A78CB9AE20EF11ED00A01EEC /* UIColor+ZKit.m */,
			);
			path = color;
			sourceTree = "<group>";
		};
		A7AD763A20EA37AC005C1DD9 /* core */ = {
			isa = PBXGroup;
			children = (
				A7AD763B20EA37AC005C1DD9 /* ZKit.h */,
				A708F59320EC790800302056 /* ZKitPrivate.h */,
				A7AD763D20EA3875005C1DD9 /* ZKit.m */,
			);
			path = core;
			sourceTree = "<group>";
		};
		A7D6B37920F8ACA300C5D9E7 /* string */ = {
			isa = PBXGroup;
			children = (
				A7D6B37120F8A90E00C5D9E7 /* NSString+ZKit.h */,
				A7D6B37220F8A90E00C5D9E7 /* NSString+ZKit.m */,
			);
			path = string;
			sourceTree = "<group>";
		};
/* End PBXGroup section */

/* Begin PBXHeadersBuildPhase section */
		A73912062087373F00E2011A /* Headers */ = {
			isa = PBXHeadersBuildPhase;
			buildActionMask = 2147483647;
			files = (
				A7AD763C20EA37AC005C1DD9 /* ZKit.h in Headers */,
				A7AD763F20EA3949005C1DD9 /* ZKit+sysctl.h in Headers */,
				A7D6B37320F8A90E00C5D9E7 /* NSString+ZKit.h in Headers */,
				A78CB9AF20EF11ED00A01EEC /* UIColor+ZKit.h in Headers */,
				A739121A208739FC00E2011A /* UIView+ZKit.h in Headers */,
				A739121E20873A1200E2011A /* UIScrollView+ZKit.h in Headers */,
				A708F59420EC9F4E00302056 /* ZKitPrivate.h in Headers */,
			);
			runOnlyForDeploymentPostprocessing = 0;
		};
/* End PBXHeadersBuildPhase section */

/* Begin PBXNativeTarget section */
		A73912082087373F00E2011A /* ZKit */ = {
			isa = PBXNativeTarget;
			buildConfigurationList = A73912112087374000E2011A /* Build configuration list for PBXNativeTarget "ZKit" */;
			buildPhases = (
				A73912042087373F00E2011A /* Sources */,
				A73912052087373F00E2011A /* Frameworks */,
				A73912062087373F00E2011A /* Headers */,
				A73912072087373F00E2011A /* Resources */,
			);
			buildRules = (
			);
			dependencies = (
			);
			name = ZKit;
			productName = ZKit;
			productReference = A73912092087373F00E2011A /* ZKit.framework */;
			productType = "com.apple.product-type.framework";
		};
/* End PBXNativeTarget section */

/* Begin PBXProject section */
		A73912002087373F00E2011A /* Project object */ = {
			isa = PBXProject;
			attributes = {
				LastUpgradeCheck = 0930;
				ORGANIZATIONNAME = lzackx;
				TargetAttributes = {
					A73912082087373F00E2011A = {
						CreatedOnToolsVersion = 9.3;
					};
				};
			};
			buildConfigurationList = A73912032087373F00E2011A /* Build configuration list for PBXProject "ZKit" */;
			compatibilityVersion = "Xcode 9.3";
			developmentRegion = en;
			hasScannedForEncodings = 0;
			knownRegions = (
				en,
			);
			mainGroup = A73911FF2087373F00E2011A;
			productRefGroup = A739120A2087373F00E2011A /* Products */;
			projectDirPath = "";
			projectRoot = "";
			targets = (
				A73912082087373F00E2011A /* ZKit */,
			);
		};
/* End PBXProject section */

/* Begin PBXResourcesBuildPhase section */
		A73912072087373F00E2011A /* Resources */ = {
			isa = PBXResourcesBuildPhase;
			buildActionMask = 2147483647;
			files = (
			);
			runOnlyForDeploymentPostprocessing = 0;
		};
/* End PBXResourcesBuildPhase section */

/* Begin PBXSourcesBuildPhase section */
		A73912042087373F00E2011A /* Sources */ = {
			isa = PBXSourcesBuildPhase;
			buildActionMask = 2147483647;
			files = (
				A7AD763E20EA3875005C1DD9 /* ZKit.m in Sources */,
				A7D6B37420F8A90E00C5D9E7 /* NSString+ZKit.m in Sources */,
				A73912232087518B00E2011A /* ZKit+sysctl.m in Sources */,
				A739121B208739FC00E2011A /* UIView+ZKit.m in Sources */,
				A739121F20873A1200E2011A /* UIScrollView+ZKit.m in Sources */,
				A78CB9B020EF11ED00A01EEC /* UIColor+ZKit.m in Sources */,
			);
			runOnlyForDeploymentPostprocessing = 0;
		};
/* End PBXSourcesBuildPhase section */

/* Begin XCBuildConfiguration section */
		A739120F2087374000E2011A /* Debug */ = {
			isa = XCBuildConfiguration;
			buildSettings = {
				ALWAYS_SEARCH_USER_PATHS = NO;
				CLANG_ANALYZER_NONNULL = YES;
				CLANG_ANALYZER_NUMBER_OBJECT_CONVERSION = YES_AGGRESSIVE;
				CLANG_CXX_LANGUAGE_STANDARD = "gnu++14";
				CLANG_CXX_LIBRARY = "libc++";
				CLANG_ENABLE_MODULES = YES;
				CLANG_ENABLE_OBJC_ARC = YES;
				CLANG_ENABLE_OBJC_WEAK = YES;
				CLANG_WARN_BLOCK_CAPTURE_AUTORELEASING = YES;
				CLANG_WARN_BOOL_CONVERSION = YES;
				CLANG_WARN_COMMA = YES;
				CLANG_WARN_CONSTANT_CONVERSION = YES;
				CLANG_WARN_DEPRECATED_OBJC_IMPLEMENTATIONS = YES;
				CLANG_WARN_DIRECT_OBJC_ISA_USAGE = YES_ERROR;
				CLANG_WARN_DOCUMENTATION_COMMENTS = YES;
				CLANG_WARN_EMPTY_BODY = YES;
				CLANG_WARN_ENUM_CONVERSION = YES;
				CLANG_WARN_INFINITE_RECURSION = YES;
				CLANG_WARN_INT_CONVERSION = YES;
				CLANG_WARN_NON_LITERAL_NULL_CONVERSION = YES;
				CLANG_WARN_OBJC_IMPLICIT_RETAIN_SELF = YES;
				CLANG_WARN_OBJC_LITERAL_CONVERSION = YES;
				CLANG_WARN_OBJC_ROOT_CLASS = YES_ERROR;
				CLANG_WARN_RANGE_LOOP_ANALYSIS = YES;
				CLANG_WARN_STRICT_PROTOTYPES = YES;
				CLANG_WARN_SUSPICIOUS_MOVE = YES;
				CLANG_WARN_UNGUARDED_AVAILABILITY = YES_AGGRESSIVE;
				CLANG_WARN_UNREACHABLE_CODE = YES;
				CLANG_WARN__DUPLICATE_METHOD_MATCH = YES;
				CODE_SIGN_IDENTITY = "iPhone Developer";
				COPY_PHASE_STRIP = NO;
				CURRENT_PROJECT_VERSION = 1;
				DEBUG_INFORMATION_FORMAT = dwarf;
				ENABLE_STRICT_OBJC_MSGSEND = YES;
				ENABLE_TESTABILITY = YES;
				GCC_C_LANGUAGE_STANDARD = gnu11;
				GCC_DYNAMIC_NO_PIC = NO;
				GCC_NO_COMMON_BLOCKS = YES;
				GCC_OPTIMIZATION_LEVEL = 0;
				GCC_PREPROCESSOR_DEFINITIONS = (
					"DEBUG=1",
					"$(inherited)",
				);
				GCC_WARN_64_TO_32_BIT_CONVERSION = YES;
				GCC_WARN_ABOUT_RETURN_TYPE = YES_ERROR;
				GCC_WARN_UNDECLARED_SELECTOR = YES;
				GCC_WARN_UNINITIALIZED_AUTOS = YES_AGGRESSIVE;
				GCC_WARN_UNUSED_FUNCTION = YES;
				GCC_WARN_UNUSED_VARIABLE = YES;
				IPHONEOS_DEPLOYMENT_TARGET = 9.0;
				MTL_ENABLE_DEBUG_INFO = YES;
				ONLY_ACTIVE_ARCH = YES;
				SDKROOT = iphoneos;
				VERSIONING_SYSTEM = "apple-generic";
				VERSION_INFO_PREFIX = "";
			};
			name = Debug;
		};
		A73912102087374000E2011A /* Release */ = {
			isa = XCBuildConfiguration;
			buildSettings = {
				ALWAYS_SEARCH_USER_PATHS = NO;
				CLANG_ANALYZER_NONNULL = YES;
				CLANG_ANALYZER_NUMBER_OBJECT_CONVERSION = YES_AGGRESSIVE;
				CLANG_CXX_LANGUAGE_STANDARD = "gnu++14";
				CLANG_CXX_LIBRARY = "libc++";
				CLANG_ENABLE_MODULES = YES;
				CLANG_ENABLE_OBJC_ARC = YES;
				CLANG_ENABLE_OBJC_WEAK = YES;
				CLANG_WARN_BLOCK_CAPTURE_AUTORELEASING = YES;
				CLANG_WARN_BOOL_CONVERSION = YES;
				CLANG_WARN_COMMA = YES;
				CLANG_WARN_CONSTANT_CONVERSION = YES;
				CLANG_WARN_DEPRECATED_OBJC_IMPLEMENTATIONS = YES;
				CLANG_WARN_DIRECT_OBJC_ISA_USAGE = YES_ERROR;
				CLANG_WARN_DOCUMENTATION_COMMENTS = YES;
				CLANG_WARN_EMPTY_BODY = YES;
				CLANG_WARN_ENUM_CONVERSION = YES;
				CLANG_WARN_INFINITE_RECURSION = YES;
				CLANG_WARN_INT_CONVERSION = YES;
				CLANG_WARN_NON_LITERAL_NULL_CONVERSION = YES;
				CLANG_WARN_OBJC_IMPLICIT_RETAIN_SELF = YES;
				CLANG_WARN_OBJC_LITERAL_CONVERSION = YES;
				CLANG_WARN_OBJC_ROOT_CLASS = YES_ERROR;
				CLANG_WARN_RANGE_LOOP_ANALYSIS = YES;
				CLANG_WARN_STRICT_PROTOTYPES = YES;
				CLANG_WARN_SUSPICIOUS_MOVE = YES;
				CLANG_WARN_UNGUARDED_AVAILABILITY = YES_AGGRESSIVE;
				CLANG_WARN_UNREACHABLE_CODE = YES;
				CLANG_WARN__DUPLICATE_METHOD_MATCH = YES;
				CODE_SIGN_IDENTITY = "iPhone Developer";
				COPY_PHASE_STRIP = NO;
				CURRENT_PROJECT_VERSION = 1;
				DEBUG_INFORMATION_FORMAT = "dwarf-with-dsym";
				ENABLE_NS_ASSERTIONS = NO;
				ENABLE_STRICT_OBJC_MSGSEND = YES;
				GCC_C_LANGUAGE_STANDARD = gnu11;
				GCC_NO_COMMON_BLOCKS = YES;
				GCC_WARN_64_TO_32_BIT_CONVERSION = YES;
				GCC_WARN_ABOUT_RETURN_TYPE = YES_ERROR;
				GCC_WARN_UNDECLARED_SELECTOR = YES;
				GCC_WARN_UNINITIALIZED_AUTOS = YES_AGGRESSIVE;
				GCC_WARN_UNUSED_FUNCTION = YES;
				GCC_WARN_UNUSED_VARIABLE = YES;
				IPHONEOS_DEPLOYMENT_TARGET = 9.0;
				MTL_ENABLE_DEBUG_INFO = NO;
				SDKROOT = iphoneos;
				VALIDATE_PRODUCT = YES;
				VERSIONING_SYSTEM = "apple-generic";
				VERSION_INFO_PREFIX = "";
			};
			name = Release;
		};
		A73912122087374000E2011A /* Debug */ = {
			isa = XCBuildConfiguration;
			buildSettings = {
				CLANG_ALLOW_NON_MODULAR_INCLUDES_IN_FRAMEWORK_MODULES = NO;
				CODE_SIGN_IDENTITY = "";
				CODE_SIGN_STYLE = Automatic;
				DEFINES_MODULE = YES;
				DYLIB_COMPATIBILITY_VERSION = 1;
				DYLIB_CURRENT_VERSION = 1;
				DYLIB_INSTALL_NAME_BASE = "@rpath";
				INFOPLIST_FILE = ZKit/Info.plist;
				INSTALL_PATH = "$(LOCAL_LIBRARY_DIR)/Frameworks";
				LD_RUNPATH_SEARCH_PATHS = (
					"$(inherited)",
					"@executable_path/Frameworks",
					"@loader_path/Frameworks",
				);
				PRODUCT_BUNDLE_IDENTIFIER = com.lzackx.ZKit;
				PRODUCT_NAME = "$(TARGET_NAME:c99extidentifier)";
				SKIP_INSTALL = YES;
				TARGETED_DEVICE_FAMILY = "1,2";
			};
			name = Debug;
		};
		A73912132087374000E2011A /* Release */ = {
			isa = XCBuildConfiguration;
			buildSettings = {
				CLANG_ALLOW_NON_MODULAR_INCLUDES_IN_FRAMEWORK_MODULES = NO;
				CODE_SIGN_IDENTITY = "";
				CODE_SIGN_STYLE = Automatic;
				DEFINES_MODULE = YES;
				DYLIB_COMPATIBILITY_VERSION = 1;
				DYLIB_CURRENT_VERSION = 1;
				DYLIB_INSTALL_NAME_BASE = "@rpath";
				INFOPLIST_FILE = ZKit/Info.plist;
				INSTALL_PATH = "$(LOCAL_LIBRARY_DIR)/Frameworks";
				LD_RUNPATH_SEARCH_PATHS = (
					"$(inherited)",
					"@executable_path/Frameworks",
					"@loader_path/Frameworks",
				);
				PRODUCT_BUNDLE_IDENTIFIER = com.lzackx.ZKit;
				PRODUCT_NAME = "$(TARGET_NAME:c99extidentifier)";
				SKIP_INSTALL = YES;
				TARGETED_DEVICE_FAMILY = "1,2";
			};
			name = Release;
		};
/* End XCBuildConfiguration section */

/* Begin XCConfigurationList section */
		A73912032087373F00E2011A /* Build configuration list for PBXProject "ZKit" */ = {
			isa = XCConfigurationList;
			buildConfigurations = (
				A739120F2087374000E2011A /* Debug */,
				A73912102087374000E2011A /* Release */,
			);
			defaultConfigurationIsVisible = 0;
			defaultConfigurationName = Release;
		};
		A73912112087374000E2011A /* Build configuration list for PBXNativeTarget "ZKit" */ = {
			isa = XCConfigurationList;
			buildConfigurations = (
				A73912122087374000E2011A /* Debug */,
				A73912132087374000E2011A /* Release */,
			);
			defaultConfigurationIsVisible = 0;
			defaultConfigurationName = Release;
		};
/* End XCConfigurationList section */
	};
	rootObject = A73912002087373F00E2011A /* Project object */;
}
