PODS:
  - AFNetworking (4.0.1):
    - AFNetworking/NSURLSession (= 4.0.1)
    - AFNetworking/Reachability (= 4.0.1)
    - AFNetworking/Security (= 4.0.1)
    - AFNetworking/Serialization (= 4.0.1)
    - AFNetworking/UIKit (= 4.0.1)
  - AFNetworking/NSURLSession (4.0.1):
    - AFNetworking/Reachability
    - AFNetworking/Security
    - AFNetworking/Serialization
  - AFNetworking/Reachability (4.0.1)
  - AFNetworking/Security (4.0.1)
  - AFNetworking/Serialization (4.0.1)
  - AFNetworking/UIKit (4.0.1):
    - AFNetworking/NSURLSession
  - PLCrashReporter (1.8.1)
  - pop (1.0.12)
  - YYCache (1.0.4)
  - YYModel (1.0.4)
  - Zatcher/Core (1.0.0):
    - PLCrashReporter (~> 1.8)
  - Zatcher/OrderGenerator (1.0.0)
  - Zequest (1.0.0):
    - AFNetworking
    - YYCache
    - YYModel
  - ZKit/advertisement (3.0.0):
    - ZKit/core
  - ZKit/all (3.0.0):
    - ZKit/advertisement
    - ZKit/att
    - ZKit/core
    - ZKit/flutter
    - ZKit/info
    - ZKit/location
    - ZKit/media
    - ZKit/navigationbar
    - ZKit/notification
    - ZKit/optimize
    - ZKit/payment
    - ZKit/popup
    - ZKit/request
    - ZKit/router
    - ZKit/string
    - ZKit/sysctl
    - ZKit/tabbar
    - ZKit/ui
    - ZKit/webview
  - ZKit/att (3.0.0):
    - ZKit/core
  - ZKit/core (3.0.0)
  - ZKit/flutter (3.0.0):
    - ZKit/core
  - ZKit/info (3.0.0):
    - ZKit/core
  - ZKit/location (3.0.0):
    - ZKit/core
  - ZKit/media (3.0.0):
    - ZKit/core
  - ZKit/navigationbar (3.0.0):
    - ZKit/core
  - ZKit/notification (3.0.0):
    - ZKit/core
  - ZKit/optimize (3.0.0):
    - Zatcher/Core (~> 1.0.0)
    - Zatcher/OrderGenerator (~> 1.0.0)
    - ZKit/core
  - ZKit/payment (3.0.0):
    - ZKit/core
  - ZKit/popup (3.0.0):
    - ZKit/core
    - Zopup (~> 1.0.0)
  - ZKit/request (3.0.0):
    - Zequest (~> 1.0.0)
    - ZKit/core
  - ZKit/router (3.0.0):
    - ZKit/core
    - Zouter (~> 2.0.0)
  - ZKit/string (3.0.0)
  - ZKit/sysctl (3.0.0):
    - ZKit/core
  - ZKit/tabbar (3.0.0):
    - ZKit/core
  - ZKit/ui (3.0.0):
    - ZKit/core
  - ZKit/webview (3.0.0):
    - ZKit/core
  - Zopup (1.0.0):
    - pop
  - Zouter (2.0.0)

DEPENDENCIES:
  - ZKit/all (from `../`)

SPEC REPOS:
  https://github.com/CocoaPods/Specs.git:
    - AFNetworking
    - PLCrashReporter
    - pop
    - YYCache
    - YYModel
    - Zatcher
    - Zequest
    - Zopup
    - Zouter

EXTERNAL SOURCES:
  ZKit:
    :path: "../"

SPEC CHECKSUMS:
  AFNetworking: 7864c38297c79aaca1500c33288e429c3451fdce
  PLCrashReporter: ea2d252e930f538a9f70f0b81bc9cce656651fbf
  pop: d582054913807fd11fd50bfe6a539d91c7e1a55a
  YYCache: 8105b6638f5e849296c71f331ff83891a4942952
  YYModel: 2a7fdd96aaa4b86a824e26d0c517de8928c04b30
  Zatcher: b66a976d506e927649278b7467e80962ce23eb3f
  Zequest: 1b3fd526f0c2feb7ad137751dda651b02c92873f
  ZKit: 1efa59258890d90819db2c229dc6c00b4a04dff6
  Zopup: 8025e8d588c5f8266d01422b65930bd67992ec39
  Zouter: 74f5a65ef8057d07b45cb90b67af87f709b7f564

PODFILE CHECKSUM: b7f953c7c62c77e366a9a488a65a6cae74b93294

COCOAPODS: 1.10.0
